// !$*UTF8*$!
{
	archiveVersion = 1;
	classes = {
	};
	objectVersion = 55;
	objects = {

/* Begin PBXBuildFile section */
		044E1AD04080D2B900AD024D /* SettingViewController.swift in Sources */ = {isa = PBXBuildFile; fileRef = 044E1ACF4080D2B900AD024D /* SettingViewController.swift */; };
		044E1AD24080D65100AD024D /* BinViewController.swift in Sources */ = {isa = PBXBuildFile; fileRef = 044E1AD14080D65100AD024D /* BinViewController.swift */; };
		04DE27CE29D5EB6300104E42 /* AppDelegate.swift in Sources */ = {isa = PBXBuildFile; fileRef = 04DE27CD29D5EB6300104E42 /* AppDelegate.swift */; };
		04DE27D029D5EB6300104E42 /* SceneDelegate.swift in Sources */ = {isa = PBXBuildFile; fileRef = 04DE27CF29D5EB6300104E42 /* SceneDelegate.swift */; };
		04DE27D229D5EB6300104E42 /* SideBarViewController.swift in Sources */ = {isa = PBXBuildFile; fileRef = 04DE27D129D5EB6300104E42 /* SideBarViewController.swift */; };
		04DE27D529D5EB6300104E42 /* Main.storyboard in Resources */ = {isa = PBXBuildFile; fileRef = 04DE27D329D5EB6300104E42 /* Main.storyboard */; };
		04DE27D729D5EB6400104E42 /* Assets.xcassets in Resources */ = {isa = PBXBuildFile; fileRef = 04DE27D629D5EB6400104E42 /* Assets.xcassets */; };
		04DE27DA29D5EB6400104E42 /* LaunchScreen.storyboard in Resources */ = {isa = PBXBuildFile; fileRef = 04DE27D829D5EB6400104E42 /* LaunchScreen.storyboard */; };
		04DE27E229D5F5F100104E42 /* TableViewCell.swift in Sources */ = {isa = PBXBuildFile; fileRef = 04DE27E129D5F5F100104E42 /* TableViewCell.swift */; };
/* End PBXBuildFile section */

/* Begin PBXFileReference section */
		044E1ACF4080D2B900AD024D /* SettingViewController.swift */ = {isa = PBXFileReference; lastKnownFileType = sourcecode.swift; path = SettingViewController.swift; sourceTree = "<group>"; };
		044E1AD14080D65100AD024D /* BinViewController.swift */ = {isa = PBXFileReference; lastKnownFileType = sourcecode.swift; path = BinViewController.swift; sourceTree = "<group>"; };
		04DE27CA29D5EB6300104E42 /* SldeBar.app */ = {isa = PBXFileReference; explicitFileType = wrapper.application; includeInIndex = 0; path = SldeBar.app; sourceTree = BUILT_PRODUCTS_DIR; };
		04DE27CD29D5EB6300104E42 /* AppDelegate.swift */ = {isa = PBXFileReference; lastKnownFileType = sourcecode.swift; path = AppDelegate.swift; sourceTree = "<group>"; };
		04DE27CF29D5EB6300104E42 /* SceneDelegate.swift */ = {isa = PBXFileReference; lastKnownFileType = sourcecode.swift; path = SceneDelegate.swift; sourceTree = "<group>"; };
		04DE27D129D5EB6300104E42 /* SideBarViewController.swift */ = {isa = PBXFileReference; lastKnownFileType = sourcecode.swift; path = SideBarViewController.swift; sourceTree = "<group>"; };
		04DE27D429D5EB6300104E42 /* Base */ = {isa = PBXFileReference; lastKnownFileType = file.storyboard; name = Base; path = Base.lproj/Main.storyboard; sourceTree = "<group>"; };
		04DE27D629D5EB6400104E42 /* Assets.xcassets */ = {isa = PBXFileReference; lastKnownFileType = folder.assetcatalog; path = Assets.xcassets; sourceTree = "<group>"; };
		04DE27D929D5EB6400104E42 /* Base */ = {isa = PBXFileReference; lastKnownFileType = file.storyboard; name = Base; path = Base.lproj/LaunchScreen.storyboard; sourceTree = "<group>"; };
		04DE27DB29D5EB6400104E42 /* Info.plist */ = {isa = PBXFileReference; lastKnownFileType = text.plist.xml; path = Info.plist; sourceTree = "<group>"; };
		04DE27E129D5F5F100104E42 /* TableViewCell.swift */ = {isa = PBXFileReference; lastKnownFileType = sourcecode.swift; path = TableViewCell.swift; sourceTree = "<group>"; };
/* End PBXFileReference section */

/* Begin PBXFrameworksBuildPhase section */
		04DE27C729D5EB6300104E42 /* Frameworks */ = {
			isa = PBXFrameworksBuildPhase;
			buildActionMask = 2147483647;
			files = (
			);
			runOnlyForDeploymentPostprocessing = 0;
		};
/* End PBXFrameworksBuildPhase section */

/* Begin PBXGroup section */
		044E1AD34080DA8D00AD024D /* Controllers */ = {
			isa = PBXGroup;
			children = (
				044E1AD14080D65100AD024D /* BinViewController.swift */,
				04DE27D129D5EB6300104E42 /* SideBarViewController.swift */,
				044E1ACF4080D2B900AD024D /* SettingViewController.swift */,
				04DE27E129D5F5F100104E42 /* TableViewCell.swift */,
			);
			path = Controllers;
			sourceTree = "<group>";
		};
		04DE27C129D5EB6300104E42 = {
			isa = PBXGroup;
			children = (
				04DE27CC29D5EB6300104E42 /* SldeBar */,
				04DE27CB29D5EB6300104E42 /* Products */,
			);
			sourceTree = "<group>";
		};
		04DE27CB29D5EB6300104E42 /* Products */ = {
			isa = PBXGroup;
			children = (
				04DE27CA29D5EB6300104E42 /* SldeBar.app */,
			);
			name = Products;
			sourceTree = "<group>";
		};
		04DE27CC29D5EB6300104E42 /* SldeBar */ = {
			isa = PBXGroup;
			children = (
				044E1AD34080DA8D00AD024D /* Controllers */,
				04DE27CD29D5EB6300104E42 /* AppDelegate.swift */,
				04DE27CF29D5EB6300104E42 /* SceneDelegate.swift */,
				04DE27D329D5EB6300104E42 /* Main.storyboard */,
				04DE27D629D5EB6400104E42 /* Assets.xcassets */,
				04DE27D829D5EB6400104E42 /* LaunchScreen.storyboard */,
				04DE27DB29D5EB6400104E42 /* Info.plist */,
			);
			path = SldeBar;
			sourceTree = "<group>";
		};
/* End PBXGroup section */

/* Begin PBXNativeTarget section */
		04DE27C929D5EB6300104E42 /* SldeBar */ = {
			isa = PBXNativeTarget;
			buildConfigurationList = 04DE27DE29D5EB6400104E42 /* Build configuration list for PBXNativeTarget "SldeBar" */;
			buildPhases = (
				04DE27C629D5EB6300104E42 /* Sources */,
				04DE27C729D5EB6300104E42 /* Frameworks */,
				04DE27C829D5EB6300104E42 /* Resources */,
			);
			buildRules = (
			);
			dependencies = (
			);
			name = SldeBar;
			productName = SldeBar;
			productReference = 04DE27CA29D5EB6300104E42 /* SldeBar.app */;
			productType = "com.apple.product-type.application";
		};
/* End PBXNativeTarget section */

/* Begin PBXProject section */
		04DE27C229D5EB6300104E42 /* Project object */ = {
			isa = PBXProject;
			attributes = {
				BuildIndependentTargetsInParallel = 1;
				LastSwiftUpdateCheck = 1340;
				LastUpgradeCheck = 1340;
				TargetAttributes = {
					04DE27C929D5EB6300104E42 = {
						CreatedOnToolsVersion = 13.4.1;
					};
				};
			};
			buildConfigurationList = 04DE27C529D5EB6300104E42 /* Build configuration list for PBXProject "SldeBar" */;
			compatibilityVersion = "Xcode 13.0";
			developmentRegion = en;
			hasScannedForEncodings = 0;
			knownRegions = (
				en,
				Base,
			);
			mainGroup = 04DE27C129D5EB6300104E42;
			productRefGroup = 04DE27CB29D5EB6300104E42 /* Products */;
			projectDirPath = "";
			projectRoot = "";
			targets = (
				04DE27C929D5EB6300104E42 /* SldeBar */,
			);
		};
/* End PBXProject section */

/* Begin PBXResourcesBuildPhase section */
		04DE27C829D5EB6300104E42 /* Resources */ = {
			isa = PBXResourcesBuildPhase;
			buildActionMask = 2147483647;
			files = (
				04DE27DA29D5EB6400104E42 /* LaunchScreen.storyboard in Resources */,
				04DE27D729D5EB6400104E42 /* Assets.xcassets in Resources */,
				04DE27D529D5EB6300104E42 /* Main.storyboard in Resources */,
			);
			runOnlyForDeploymentPostprocessing = 0;
		};
/* End PBXResourcesBuildPhase section */

/* Begin PBXSourcesBuildPhase section */
		04DE27C629D5EB6300104E42 /* Sources */ = {
			isa = PBXSourcesBuildPhase;
			buildActionMask = 2147483647;
			files = (
				044E1AD24080D65100AD024D /* BinViewController.swift in Sources */,
				044E1AD04080D2B900AD024D /* SettingViewController.swift in Sources */,
				04DE27D229D5EB6300104E42 /* SideBarViewController.swift in Sources */,
				04DE27E229D5F5F100104E42 /* TableViewCell.swift in Sources */,
				04DE27CE29D5EB6300104E42 /* AppDelegate.swift in Sources */,
				04DE27D029D5EB6300104E42 /* SceneDelegate.swift in Sources */,
			);
			runOnlyForDeploymentPostprocessing = 0;
		};
/* End PBXSourcesBuildPhase section */

/* Begin PBXVariantGroup section */
		04DE27D329D5EB6300104E42 /* Main.storyboard */ = {
			isa = PBXVariantGroup;
			children = (
				04DE27D429D5EB6300104E42 /* Base */,
			);
			name = Main.storyboard;
			sourceTree = "<group>";
		};
		04DE27D829D5EB6400104E42 /* LaunchScreen.storyboard */ = {
			isa = PBXVariantGroup;
			children = (
				04DE27D929D5EB6400104E42 /* Base */,
			);
			name = LaunchScreen.storyboard;
			sourceTree = "<group>";
		};
/* End PBXVariantGroup section */

/* Begin XCBuildConfiguration section */
		04DE27DC29D5EB6400104E42 /* Debug */ = {
			isa = XCBuildConfiguration;
			buildSettings = {
				ALWAYS_SEARCH_USER_PATHS = NO;
				CLANG_ANALYZER_NONNULL = YES;
				CLANG_ANALYZER_NUMBER_OBJECT_CONVERSION = YES_AGGRESSIVE;
				CLANG_CXX_LANGUAGE_STANDARD = "gnu++17";
				CLANG_ENABLE_MODULES = YES;
				CLANG_ENABLE_OBJC_ARC = YES;
				CLANG_ENABLE_OBJC_WEAK = YES;
				CLANG_WARN_BLOCK_CAPTURE_AUTORELEASING = YES;
				CLANG_WARN_BOOL_CONVERSION = YES;
				CLANG_WARN_COMMA = YES;
				CLANG_WARN_CONSTANT_CONVERSION = YES;
				CLANG_WARN_DEPRECATED_OBJC_IMPLEMENTATIONS = YES;
				CLANG_WARN_DIRECT_OBJC_ISA_USAGE = YES_ERROR;
				CLANG_WARN_DOCUMENTATION_COMMENTS = YES;
				CLANG_WARN_EMPTY_BODY = YES;
				CLANG_WARN_ENUM_CONVERSION = YES;
				CLANG_WARN_INFINITE_RECURSION = YES;
				CLANG_WARN_INT_CONVERSION = YES;
				CLANG_WARN_NON_LITERAL_NULL_CONVERSION = YES;
				CLANG_WARN_OBJC_IMPLICIT_RETAIN_SELF = YES;
				CLANG_WARN_OBJC_LITERAL_CONVERSION = YES;
				CLANG_WARN_OBJC_ROOT_CLASS = YES_ERROR;
				CLANG_WARN_QUOTED_INCLUDE_IN_FRAMEWORK_HEADER = YES;
				CLANG_WARN_RANGE_LOOP_ANALYSIS = YES;
				CLANG_WARN_STRICT_PROTOTYPES = YES;
				CLANG_WARN_SUSPICIOUS_MOVE = YES;
				CLANG_WARN_UNGUARDED_AVAILABILITY = YES_AGGRESSIVE;
				CLANG_WARN_UNREACHABLE_CODE = YES;
				CLANG_WARN__DUPLICATE_METHOD_MATCH = YES;
				COPY_PHASE_STRIP = NO;
				DEBUG_INFORMATION_FORMAT = dwarf;
				ENABLE_STRICT_OBJC_MSGSEND = YES;
				ENABLE_TESTABILITY = YES;
				GCC_C_LANGUAGE_STANDARD = gnu11;
				GCC_DYNAMIC_NO_PIC = NO;
				GCC_NO_COMMON_BLOCKS = YES;
				GCC_OPTIMIZATION_LEVEL = 0;
				GCC_PREPROCESSOR_DEFINITIONS = (
					"DEBUG=1",
					"$(inherited)",
				);
				GCC_WARN_64_TO_32_BIT_CONVERSION = YES;
				GCC_WARN_ABOUT_RETURN_TYPE = YES_ERROR;
				GCC_WARN_UNDECLARED_SELECTOR = YES;
				GCC_WARN_UNINITIALIZED_AUTOS = YES_AGGRESSIVE;
				GCC_WARN_UNUSED_FUNCTION = YES;
				GCC_WARN_UNUSED_VARIABLE = YES;
				IPHONEOS_DEPLOYMENT_TARGET = 15.5;
				MTL_ENABLE_DEBUG_INFO = INCLUDE_SOURCE;
				MTL_FAST_MATH = YES;
				ONLY_ACTIVE_ARCH = YES;
				SDKROOT = iphoneos;
				SWIFT_ACTIVE_COMPILATION_CONDITIONS = DEBUG;
				SWIFT_OPTIMIZATION_LEVEL = "-Onone";
			};
			name = Debug;
		};
		04DE27DD29D5EB6400104E42 /* Release */ = {
			isa = XCBuildConfiguration;
			buildSettings = {
				ALWAYS_SEARCH_USER_PATHS = NO;
				CLANG_ANALYZER_NONNULL = YES;
				CLANG_ANALYZER_NUMBER_OBJECT_CONVERSION = YES_AGGRESSIVE;
				CLANG_CXX_LANGUAGE_STANDARD = "gnu++17";
				CLANG_ENABLE_MODULES = YES;
				CLANG_ENABLE_OBJC_ARC = YES;
				CLANG_ENABLE_OBJC_WEAK = YES;
				CLANG_WARN_BLOCK_CAPTURE_AUTORELEASING = YES;
				CLANG_WARN_BOOL_CONVERSION = YES;
				CLANG_WARN_COMMA = YES;
				CLANG_WARN_CONSTANT_CONVERSION = YES;
				CLANG_WARN_DEPRECATED_OBJC_IMPLEMENTATIONS = YES;
				CLANG_WARN_DIRECT_OBJC_ISA_USAGE = YES_ERROR;
				CLANG_WARN_DOCUMENTATION_COMMENTS = YES;
				CLANG_WARN_EMPTY_BODY = YES;
				CLANG_WARN_ENUM_CONVERSION = YES;
				CLANG_WARN_INFINITE_RECURSION = YES;
				CLANG_WARN_INT_CONVERSION = YES;
				CLANG_WARN_NON_LITERAL_NULL_CONVERSION = YES;
				CLANG_WARN_OBJC_IMPLICIT_RETAIN_SELF = YES;
				CLANG_WARN_OBJC_LITERAL_CONVERSION = YES;
				CLANG_WARN_OBJC_ROOT_CLASS = YES_ERROR;
				CLANG_WARN_QUOTED_INCLUDE_IN_FRAMEWORK_HEADER = YES;
				CLANG_WARN_RANGE_LOOP_ANALYSIS = YES;
				CLANG_WARN_STRICT_PROTOTYPES = YES;
				CLANG_WARN_SUSPICIOUS_MOVE = YES;
				CLANG_WARN_UNGUARDED_AVAILABILITY = YES_AGGRESSIVE;
				CLANG_WARN_UNREACHABLE_CODE = YES;
				CLANG_WARN__DUPLICATE_METHOD_MATCH = YES;
				COPY_PHASE_STRIP = NO;
				DEBUG_INFORMATION_FORMAT = "dwarf-with-dsym";
				ENABLE_NS_ASSERTIONS = NO;
				ENABLE_STRICT_OBJC_MSGSEND = YES;
				GCC_C_LANGUAGE_STANDARD = gnu11;
				GCC_NO_COMMON_BLOCKS = YES;
				GCC_WARN_64_TO_32_BIT_CONVERSION = YES;
				GCC_WARN_ABOUT_RETURN_TYPE = YES_ERROR;
				GCC_WARN_UNDECLARED_SELECTOR = YES;
				GCC_WARN_UNINITIALIZED_AUTOS = YES_AGGRESSIVE;
				GCC_WARN_UNUSED_FUNCTION = YES;
				GCC_WARN_UNUSED_VARIABLE = YES;
				IPHONEOS_DEPLOYMENT_TARGET = 15.5;
				MTL_ENABLE_DEBUG_INFO = NO;
				MTL_FAST_MATH = YES;
				SDKROOT = iphoneos;
				SWIFT_COMPILATION_MODE = wholemodule;
				SWIFT_OPTIMIZATION_LEVEL = "-O";
				VALIDATE_PRODUCT = YES;
			};
			name = Release;
		};
		04DE27DF29D5EB6400104E42 /* Debug */ = {
			isa = XCBuildConfiguration;
			buildSettings = {
				ASSETCATALOG_COMPILER_APPICON_NAME = AppIcon;
				ASSETCATALOG_COMPILER_GLOBAL_ACCENT_COLOR_NAME = AccentColor;
				CODE_SIGN_STYLE = Automatic;
				CURRENT_PROJECT_VERSION = 1;
				GENERATE_INFOPLIST_FILE = YES;
				INFOPLIST_FILE = SldeBar/Info.plist;
				INFOPLIST_KEY_UIApplicationSupportsIndirectInputEvents = YES;
				INFOPLIST_KEY_UILaunchStoryboardName = LaunchScreen;
				INFOPLIST_KEY_UIMainStoryboardFile = Main;
				INFOPLIST_KEY_UISupportedInterfaceOrientations_iPad = "UIInterfaceOrientationPortrait UIInterfaceOrientationPortraitUpsideDown UIInterfaceOrientationLandscapeLeft UIInterfaceOrientationLandscapeRight";
				INFOPLIST_KEY_UISupportedInterfaceOrientations_iPhone = "UIInterfaceOrientationPortrait UIInterfaceOrientationLandscapeLeft UIInterfaceOrientationLandscapeRight";
				LD_RUNPATH_SEARCH_PATHS = (
					"$(inherited)",
					"@executable_path/Frameworks",
				);
				MARKETING_VERSION = 1.0;
				PRODUCT_BUNDLE_IDENTIFIER = demo.SldeBar;
				PRODUCT_NAME = "$(TARGET_NAME)";
				SWIFT_EMIT_LOC_STRINGS = YES;
				SWIFT_VERSION = 5.0;
				TARGETED_DEVICE_FAMILY = "1,2";
			};
			name = Debug;
		};
		04DE27E029D5EB6400104E42 /* Release */ = {
			isa = XCBuildConfiguration;
			buildSettings = {
				ASSETCATALOG_COMPILER_APPICON_NAME = AppIcon;
				ASSETCATALOG_COMPILER_GLOBAL_ACCENT_COLOR_NAME = AccentColor;
				CODE_SIGN_STYLE = Automatic;
				CURRENT_PROJECT_VERSION = 1;
				GENERATE_INFOPLIST_FILE = YES;
				INFOPLIST_FILE = SldeBar/Info.plist;
				INFOPLIST_KEY_UIApplicationSupportsIndirectInputEvents = YES;
				INFOPLIST_KEY_UILaunchStoryboardName = LaunchScreen;
				INFOPLIST_KEY_UIMainStoryboardFile = Main;
				INFOPLIST_KEY_UISupportedInterfaceOrientations_iPad = "UIInterfaceOrientationPortrait UIInterfaceOrientationPortraitUpsideDown UIInterfaceOrientationLandscapeLeft UIInterfaceOrientationLandscapeRight";
				INFOPLIST_KEY_UISupportedInterfaceOrientations_iPhone = "UIInterfaceOrientationPortrait UIInterfaceOrientationLandscapeLeft UIInterfaceOrientationLandscapeRight";
				LD_RUNPATH_SEARCH_PATHS = (
					"$(inherited)",
					"@executable_path/Frameworks",
				);
				MARKETING_VERSION = 1.0;
				PRODUCT_BUNDLE_IDENTIFIER = demo.SldeBar;
				PRODUCT_NAME = "$(TARGET_NAME)";
				SWIFT_EMIT_LOC_STRINGS = YES;
				SWIFT_VERSION = 5.0;
				TARGETED_DEVICE_FAMILY = "1,2";
			};
			name = Release;
		};
/* End XCBuildConfiguration section */

/* Begin XCConfigurationList section */
		04DE27C529D5EB6300104E42 /* Build configuration list for PBXProject "SldeBar" */ = {
			isa = XCConfigurationList;
			buildConfigurations = (
				04DE27DC29D5EB6400104E42 /* Debug */,
				04DE27DD29D5EB6400104E42 /* Release */,
			);
			defaultConfigurationIsVisible = 0;
			defaultConfigurationName = Release;
		};
		04DE27DE29D5EB6400104E42 /* Build configuration list for PBXNativeTarget "SldeBar" */ = {
			isa = XCConfigurationList;
			buildConfigurations = (
				04DE27DF29D5EB6400104E42 /* Debug */,
				04DE27E029D5EB6400104E42 /* Release */,
			);
			defaultConfigurationIsVisible = 0;
			defaultConfigurationName = Release;
		};
/* End XCConfigurationList section */
	};
	rootObject = 04DE27C229D5EB6300104E42 /* Project object */;
}
